<Solution>
  <Folder Name="/src/" />
  <Folder Name="/src/backend/">
    <Project Path="src/backend/CMMS.Api/CMMS.Api.csproj" />
    <Project Path="src/backend/CMMS.Application/CMMS.Application.csproj" />
    <Project Path="src/backend/CMMS.Domain/CMMS.Domain.csproj" />
    <Project Path="src/backend/CMMS.Infrastructure/CMMS.Infrastructure.csproj" />
    <Project Path="src/backend/CMMS.Shared/CMMS.Shared.csproj" />
  </Folder>
  <Folder Name="/tests/">
    <Project Path="tests/CMMS.ArchitectureTests/CMMS.ArchitectureTests.csproj" />
    <Project Path="tests/CMMS.IntegrationTests/CMMS.IntegrationTests.csproj" />
    <Project Path="tests/CMMS.UnitTests/CMMS.UnitTests.csproj" />
  </Folder>
</Solution>
